
Microsoft Visual Studio Solution File, Format Version 12.00
# Visual Studio Version 17
VisualStudioVersion = 17.3.32825.248
MinimumVisualStudioVersion = 10.0.40219.1
Project("{FAE04EC0-301F-11D3-BF4B-00C04F79EFBC}") = "HospitalManagement12", "HospitalManagement12\HospitalManagement12.csproj", "{56FD6535-0136-49C3-9A10-91275EAA8841}"
EndProject
Project("{FAE04EC0-301F-11D3-BF4B-00C04F79EFBC}") = "HospitalManagementEntity", "HospitalManagementEntity\HospitalManagementEntity.csproj", "{F8295762-EEB8-4D41-94FD-9872EB2E4AE7}"
EndProject
Project("{FAE04EC0-301F-11D3-BF4B-00C04F79EFBC}") = "HospitalManagementdal", "HospitalManagementdal\HospitalManagementdal.csproj", "{5F9E1C7C-8629-4BD3-A4EE-40044E2E8F3E}"
EndProject
Project("{FAE04EC0-301F-11D3-BF4B-00C04F79EFBC}") = "HospitalManagementBill", "HospitalManagementBill\HospitalManagementBill.csproj", "{02ABB569-5C54-426C-A21B-605591BF8F26}"
EndProject
Project("{FAE04EC0-301F-11D3-BF4B-00C04F79EFBC}") = "HospitalManagementPresentationLayer", "HospitalManagementPresentationLayer\HospitalManagementPresentationLayer.csproj", "{4177480C-2961-4508-9FA6-9E30E84BAC28}"
EndProject
Global
	GlobalSection(SolutionConfigurationPlatforms) = preSolution
		Debug|Any CPU = Debug|Any CPU
		Release|Any CPU = Release|Any CPU
	EndGlobalSection
	GlobalSection(ProjectConfigurationPlatforms) = postSolution
		{56FD6535-0136-49C3-9A10-91275EAA8841}.Debug|Any CPU.ActiveCfg = Debug|Any CPU
		{56FD6535-0136-49C3-9A10-91275EAA8841}.Debug|Any CPU.Build.0 = Debug|Any CPU
		{56FD6535-0136-49C3-9A10-91275EAA8841}.Release|Any CPU.ActiveCfg = Release|Any CPU
		{56FD6535-0136-49C3-9A10-91275EAA8841}.Release|Any CPU.Build.0 = Release|Any CPU
		{F8295762-EEB8-4D41-94FD-9872EB2E4AE7}.Debug|Any CPU.ActiveCfg = Debug|Any CPU
		{F8295762-EEB8-4D41-94FD-9872EB2E4AE7}.Debug|Any CPU.Build.0 = Debug|Any CPU
		{F8295762-EEB8-4D41-94FD-9872EB2E4AE7}.Release|Any CPU.ActiveCfg = Release|Any CPU
		{F8295762-EEB8-4D41-94FD-9872EB2E4AE7}.Release|Any CPU.Build.0 = Release|Any CPU
		{5F9E1C7C-8629-4BD3-A4EE-40044E2E8F3E}.Debug|Any CPU.ActiveCfg = Debug|Any CPU
		{5F9E1C7C-8629-4BD3-A4EE-40044E2E8F3E}.Debug|Any CPU.Build.0 = Debug|Any CPU
		{5F9E1C7C-8629-4BD3-A4EE-40044E2E8F3E}.Release|Any CPU.ActiveCfg = Release|Any CPU
		{5F9E1C7C-8629-4BD3-A4EE-40044E2E8F3E}.Release|Any CPU.Build.0 = Release|Any CPU
		{02ABB569-5C54-426C-A21B-605591BF8F26}.Debug|Any CPU.ActiveCfg = Debug|Any CPU
		{02ABB569-5C54-426C-A21B-605591BF8F26}.Debug|Any CPU.Build.0 = Debug|Any CPU
		{02ABB569-5C54-426C-A21B-605591BF8F26}.Release|Any CPU.ActiveCfg = Release|Any CPU
		{02ABB569-5C54-426C-A21B-605591BF8F26}.Release|Any CPU.Build.0 = Release|Any CPU
		{4177480C-2961-4508-9FA6-9E30E84BAC28}.Debug|Any CPU.ActiveCfg = Debug|Any CPU
		{4177480C-2961-4508-9FA6-9E30E84BAC28}.Debug|Any CPU.Build.0 = Debug|Any CPU
		{4177480C-2961-4508-9FA6-9E30E84BAC28}.Release|Any CPU.ActiveCfg = Release|Any CPU
		{4177480C-2961-4508-9FA6-9E30E84BAC28}.Release|Any CPU.Build.0 = Release|Any CPU
	EndGlobalSection
	GlobalSection(SolutionProperties) = preSolution
		HideSolutionNode = FALSE
	EndGlobalSection
	GlobalSection(ExtensibilityGlobals) = postSolution
		SolutionGuid = {09521A74-77AD-4C9C-871C-166F905C80BB}
	EndGlobalSection
EndGlobal
